// !$*UTF8*$!
{
	archiveVersion = 1;
	classes = {
	};
	objectVersion = 56;
	objects = {

/* Begin PBXBuildFile section */
		E26C418A29777E3400049AE5 /* AppDelegate.m in Sources */ = {isa = PBXBuildFile; fileRef = E26C418929777E3400049AE5 /* AppDelegate.m */; };
		E26C418D29777E3400049AE5 /* SceneDelegate.m in Sources */ = {isa = PBXBuildFile; fileRef = E26C418C29777E3400049AE5 /* SceneDelegate.m */; };
		E26C419029777E3400049AE5 /* ViewController.m in Sources */ = {isa = PBXBuildFile; fileRef = E26C418F29777E3400049AE5 /* ViewController.m */; };
		E26C419329777E3400049AE5 /* Main.storyboard in Resources */ = {isa = PBXBuildFile; fileRef = E26C419129777E3400049AE5 /* Main.storyboard */; };
		E26C419529777E3400049AE5 /* Assets.xcassets in Resources */ = {isa = PBXBuildFile; fileRef = E26C419429777E3400049AE5 /* Assets.xcassets */; };
		E26C419829777E3400049AE5 /* LaunchScreen.storyboard in Resources */ = {isa = PBXBuildFile; fileRef = E26C419629777E3400049AE5 /* LaunchScreen.storyboard */; };
		E26C419B29777E3400049AE5 /* main.m in Sources */ = {isa = PBXBuildFile; fileRef = E26C419A29777E3400049AE5 /* main.m */; };
		E26C41A529777E3400049AE5 /* SafioIslandTests.m in Sources */ = {isa = PBXBuildFile; fileRef = E26C41A429777E3400049AE5 /* SafioIslandTests.m */; };
		E26C41AF29777E3400049AE5 /* SafioIslandUITests.m in Sources */ = {isa = PBXBuildFile; fileRef = E26C41AE29777E3400049AE5 /* SafioIslandUITests.m */; };
		E26C41B129777E3400049AE5 /* SafioIslandUITestsLaunchTests.m in Sources */ = {isa = PBXBuildFile; fileRef = E26C41B029777E3400049AE5 /* SafioIslandUITestsLaunchTests.m */; };
		E26C41C729777F0400049AE5 /* WidgetKit.framework in Frameworks */ = {isa = PBXBuildFile; fileRef = E26C41C629777F0400049AE5 /* WidgetKit.framework */; };
		E26C41C929777F0400049AE5 /* SwiftUI.framework in Frameworks */ = {isa = PBXBuildFile; fileRef = E26C41C829777F0400049AE5 /* SwiftUI.framework */; };
		E26C41CC29777F0400049AE5 /* SwidgetBundle.swift in Sources */ = {isa = PBXBuildFile; fileRef = E26C41CB29777F0400049AE5 /* SwidgetBundle.swift */; };
		E26C41CE29777F0400049AE5 /* SwidgetLiveActivity.swift in Sources */ = {isa = PBXBuildFile; fileRef = E26C41CD29777F0400049AE5 /* SwidgetLiveActivity.swift */; };
		E26C41D029777F0400049AE5 /* Swidget.swift in Sources */ = {isa = PBXBuildFile; fileRef = E26C41CF29777F0400049AE5 /* Swidget.swift */; };
		E26C41D229777F0500049AE5 /* Assets.xcassets in Resources */ = {isa = PBXBuildFile; fileRef = E26C41D129777F0500049AE5 /* Assets.xcassets */; };
		E26C41D629777F0500049AE5 /* SwidgetExtension.appex in Embed Foundation Extensions */ = {isa = PBXBuildFile; fileRef = E26C41C429777F0400049AE5 /* SwidgetExtension.appex */; settings = {ATTRIBUTES = (RemoveHeadersOnCopy, ); }; };
		E2CF33812977C7D7002CAA3A /* YGAttributes.swift in Sources */ = {isa = PBXBuildFile; fileRef = E2CF33802977C7D7002CAA3A /* YGAttributes.swift */; };
		E2CF341D2977DF53002CAA3A /* YGAttributes.swift in Sources */ = {isa = PBXBuildFile; fileRef = E2CF33802977C7D7002CAA3A /* YGAttributes.swift */; };
		E2CF341E2977F6CC002CAA3A /* Assets.xcassets in Resources */ = {isa = PBXBuildFile; fileRef = E26C419429777E3400049AE5 /* Assets.xcassets */; };
/* End PBXBuildFile section */

/* Begin PBXContainerItemProxy section */
		E26C41A129777E3400049AE5 /* PBXContainerItemProxy */ = {
			isa = PBXContainerItemProxy;
			containerPortal = E26C417D29777E3400049AE5 /* Project object */;
			proxyType = 1;
			remoteGlobalIDString = E26C418429777E3400049AE5;
			remoteInfo = SafioIsland;
		};
		E26C41AB29777E3400049AE5 /* PBXContainerItemProxy */ = {
			isa = PBXContainerItemProxy;
			containerPortal = E26C417D29777E3400049AE5 /* Project object */;
			proxyType = 1;
			remoteGlobalIDString = E26C418429777E3400049AE5;
			remoteInfo = SafioIsland;
		};
		E26C41D429777F0500049AE5 /* PBXContainerItemProxy */ = {
			isa = PBXContainerItemProxy;
			containerPortal = E26C417D29777E3400049AE5 /* Project object */;
			proxyType = 1;
			remoteGlobalIDString = E26C41C329777F0400049AE5;
			remoteInfo = SwidgetExtension;
		};
/* End PBXContainerItemProxy section */

/* Begin PBXCopyFilesBuildPhase section */
		E26C41DA29777F0500049AE5 /* Embed Foundation Extensions */ = {
			isa = PBXCopyFilesBuildPhase;
			buildActionMask = 2147483647;
			dstPath = "";
			dstSubfolderSpec = 13;
			files = (
				E26C41D629777F0500049AE5 /* SwidgetExtension.appex in Embed Foundation Extensions */,
			);
			name = "Embed Foundation Extensions";
			runOnlyForDeploymentPostprocessing = 0;
		};
/* End PBXCopyFilesBuildPhase section */

/* Begin PBXFileReference section */
		E26C418529777E3400049AE5 /* SafioIsland.app */ = {isa = PBXFileReference; explicitFileType = wrapper.application; includeInIndex = 0; path = SafioIsland.app; sourceTree = BUILT_PRODUCTS_DIR; };
		E26C418829777E3400049AE5 /* AppDelegate.h */ = {isa = PBXFileReference; lastKnownFileType = sourcecode.c.h; path = AppDelegate.h; sourceTree = "<group>"; };
		E26C418929777E3400049AE5 /* AppDelegate.m */ = {isa = PBXFileReference; lastKnownFileType = sourcecode.c.objc; path = AppDelegate.m; sourceTree = "<group>"; };
		E26C418B29777E3400049AE5 /* SceneDelegate.h */ = {isa = PBXFileReference; lastKnownFileType = sourcecode.c.h; path = SceneDelegate.h; sourceTree = "<group>"; };
		E26C418C29777E3400049AE5 /* SceneDelegate.m */ = {isa = PBXFileReference; lastKnownFileType = sourcecode.c.objc; path = SceneDelegate.m; sourceTree = "<group>"; };
		E26C418E29777E3400049AE5 /* ViewController.h */ = {isa = PBXFileReference; lastKnownFileType = sourcecode.c.h; path = ViewController.h; sourceTree = "<group>"; };
		E26C418F29777E3400049AE5 /* ViewController.m */ = {isa = PBXFileReference; lastKnownFileType = sourcecode.c.objc; path = ViewController.m; sourceTree = "<group>"; };
		E26C419229777E3400049AE5 /* Base */ = {isa = PBXFileReference; lastKnownFileType = file.storyboard; name = Base; path = Base.lproj/Main.storyboard; sourceTree = "<group>"; };
		E26C419429777E3400049AE5 /* Assets.xcassets */ = {isa = PBXFileReference; lastKnownFileType = folder.assetcatalog; path = Assets.xcassets; sourceTree = "<group>"; };
		E26C419729777E3400049AE5 /* Base */ = {isa = PBXFileReference; lastKnownFileType = file.storyboard; name = Base; path = Base.lproj/LaunchScreen.storyboard; sourceTree = "<group>"; };
		E26C419929777E3400049AE5 /* Info.plist */ = {isa = PBXFileReference; lastKnownFileType = text.plist.xml; path = Info.plist; sourceTree = "<group>"; };
		E26C419A29777E3400049AE5 /* main.m */ = {isa = PBXFileReference; lastKnownFileType = sourcecode.c.objc; path = main.m; sourceTree = "<group>"; };
		E26C41A029777E3400049AE5 /* SafioIslandTests.xctest */ = {isa = PBXFileReference; explicitFileType = wrapper.cfbundle; includeInIndex = 0; path = SafioIslandTests.xctest; sourceTree = BUILT_PRODUCTS_DIR; };
		E26C41A429777E3400049AE5 /* SafioIslandTests.m */ = {isa = PBXFileReference; lastKnownFileType = sourcecode.c.objc; path = SafioIslandTests.m; sourceTree = "<group>"; };
		E26C41AA29777E3400049AE5 /* SafioIslandUITests.xctest */ = {isa = PBXFileReference; explicitFileType = wrapper.cfbundle; includeInIndex = 0; path = SafioIslandUITests.xctest; sourceTree = BUILT_PRODUCTS_DIR; };
		E26C41AE29777E3400049AE5 /* SafioIslandUITests.m */ = {isa = PBXFileReference; lastKnownFileType = sourcecode.c.objc; path = SafioIslandUITests.m; sourceTree = "<group>"; };
		E26C41B029777E3400049AE5 /* SafioIslandUITestsLaunchTests.m */ = {isa = PBXFileReference; lastKnownFileType = sourcecode.c.objc; path = SafioIslandUITestsLaunchTests.m; sourceTree = "<group>"; };
		E26C41BD29777E8900049AE5 /* SafioIsland-Bridging-Header.h */ = {isa = PBXFileReference; lastKnownFileType = sourcecode.c.h; path = "SafioIsland-Bridging-Header.h"; sourceTree = "<group>"; };
		E26C41C429777F0400049AE5 /* SwidgetExtension.appex */ = {isa = PBXFileReference; explicitFileType = "wrapper.app-extension"; includeInIndex = 0; path = SwidgetExtension.appex; sourceTree = BUILT_PRODUCTS_DIR; };
		E26C41C629777F0400049AE5 /* WidgetKit.framework */ = {isa = PBXFileReference; lastKnownFileType = wrapper.framework; name = WidgetKit.framework; path = System/Library/Frameworks/WidgetKit.framework; sourceTree = SDKROOT; };
		E26C41C829777F0400049AE5 /* SwiftUI.framework */ = {isa = PBXFileReference; lastKnownFileType = wrapper.framework; name = SwiftUI.framework; path = System/Library/Frameworks/SwiftUI.framework; sourceTree = SDKROOT; };
		E26C41CB29777F0400049AE5 /* SwidgetBundle.swift */ = {isa = PBXFileReference; lastKnownFileType = sourcecode.swift; path = SwidgetBundle.swift; sourceTree = "<group>"; };
		E26C41CD29777F0400049AE5 /* SwidgetLiveActivity.swift */ = {isa = PBXFileReference; lastKnownFileType = sourcecode.swift; path = SwidgetLiveActivity.swift; sourceTree = "<group>"; };
		E26C41CF29777F0400049AE5 /* Swidget.swift */ = {isa = PBXFileReference; lastKnownFileType = sourcecode.swift; path = Swidget.swift; sourceTree = "<group>"; };
		E26C41D129777F0500049AE5 /* Assets.xcassets */ = {isa = PBXFileReference; lastKnownFileType = folder.assetcatalog; path = Assets.xcassets; sourceTree = "<group>"; };
		E26C41D329777F0500049AE5 /* Info.plist */ = {isa = PBXFileReference; lastKnownFileType = text.plist.xml; path = Info.plist; sourceTree = "<group>"; };
		E2CF33802977C7D7002CAA3A /* YGAttributes.swift */ = {isa = PBXFileReference; lastKnownFileType = sourcecode.swift; path = YGAttributes.swift; sourceTree = "<group>"; };
/* End PBXFileReference section */

/* Begin PBXFrameworksBuildPhase section */
		E26C418229777E3400049AE5 /* Frameworks */ = {
			isa = PBXFrameworksBuildPhase;
			buildActionMask = 2147483647;
			files = (
			);
			runOnlyForDeploymentPostprocessing = 0;
		};
		E26C419D29777E3400049AE5 /* Frameworks */ = {
			isa = PBXFrameworksBuildPhase;
			buildActionMask = 2147483647;
			files = (
			);
			runOnlyForDeploymentPostprocessing = 0;
		};
		E26C41A729777E3400049AE5 /* Frameworks */ = {
			isa = PBXFrameworksBuildPhase;
			buildActionMask = 2147483647;
			files = (
			);
			runOnlyForDeploymentPostprocessing = 0;
		};
		E26C41C129777F0400049AE5 /* Frameworks */ = {
			isa = PBXFrameworksBuildPhase;
			buildActionMask = 2147483647;
			files = (
				E26C41C929777F0400049AE5 /* SwiftUI.framework in Frameworks */,
				E26C41C729777F0400049AE5 /* WidgetKit.framework in Frameworks */,
			);
			runOnlyForDeploymentPostprocessing = 0;
		};
/* End PBXFrameworksBuildPhase section */

/* Begin PBXGroup section */
		E26C417C29777E3400049AE5 = {
			isa = PBXGroup;
			children = (
				E26C418729777E3400049AE5 /* SafioIsland */,
				E26C41A329777E3400049AE5 /* SafioIslandTests */,
				E26C41AD29777E3400049AE5 /* SafioIslandUITests */,
				E26C41CA29777F0400049AE5 /* Swidget */,
				E26C41C529777F0400049AE5 /* Frameworks */,
				E26C418629777E3400049AE5 /* Products */,
			);
			sourceTree = "<group>";
		};
		E26C418629777E3400049AE5 /* Products */ = {
			isa = PBXGroup;
			children = (
				E26C418529777E3400049AE5 /* SafioIsland.app */,
				E26C41A029777E3400049AE5 /* SafioIslandTests.xctest */,
				E26C41AA29777E3400049AE5 /* SafioIslandUITests.xctest */,
				E26C41C429777F0400049AE5 /* SwidgetExtension.appex */,
			);
			name = Products;
			sourceTree = "<group>";
		};
		E26C418729777E3400049AE5 /* SafioIsland */ = {
			isa = PBXGroup;
			children = (
				E26C418829777E3400049AE5 /* AppDelegate.h */,
				E26C418929777E3400049AE5 /* AppDelegate.m */,
				E26C418B29777E3400049AE5 /* SceneDelegate.h */,
				E26C418C29777E3400049AE5 /* SceneDelegate.m */,
				E26C418E29777E3400049AE5 /* ViewController.h */,
				E26C418F29777E3400049AE5 /* ViewController.m */,
				E2CF33802977C7D7002CAA3A /* YGAttributes.swift */,
				E26C419129777E3400049AE5 /* Main.storyboard */,
				E26C419429777E3400049AE5 /* Assets.xcassets */,
				E26C419629777E3400049AE5 /* LaunchScreen.storyboard */,
				E26C419929777E3400049AE5 /* Info.plist */,
				E26C419A29777E3400049AE5 /* main.m */,
				E26C41BD29777E8900049AE5 /* SafioIsland-Bridging-Header.h */,
			);
			path = SafioIsland;
			sourceTree = "<group>";
		};
		E26C41A329777E3400049AE5 /* SafioIslandTests */ = {
			isa = PBXGroup;
			children = (
				E26C41A429777E3400049AE5 /* SafioIslandTests.m */,
			);
			path = SafioIslandTests;
			sourceTree = "<group>";
		};
		E26C41AD29777E3400049AE5 /* SafioIslandUITests */ = {
			isa = PBXGroup;
			children = (
				E26C41AE29777E3400049AE5 /* SafioIslandUITests.m */,
				E26C41B029777E3400049AE5 /* SafioIslandUITestsLaunchTests.m */,
			);
			path = SafioIslandUITests;
			sourceTree = "<group>";
		};
		E26C41C529777F0400049AE5 /* Frameworks */ = {
			isa = PBXGroup;
			children = (
				E26C41C629777F0400049AE5 /* WidgetKit.framework */,
				E26C41C829777F0400049AE5 /* SwiftUI.framework */,
			);
			name = Frameworks;
			sourceTree = "<group>";
		};
		E26C41CA29777F0400049AE5 /* Swidget */ = {
			isa = PBXGroup;
			children = (
				E26C41CB29777F0400049AE5 /* SwidgetBundle.swift */,
				E26C41CD29777F0400049AE5 /* SwidgetLiveActivity.swift */,
				E26C41CF29777F0400049AE5 /* Swidget.swift */,
				E26C41D129777F0500049AE5 /* Assets.xcassets */,
				E26C41D329777F0500049AE5 /* Info.plist */,
			);
			path = Swidget;
			sourceTree = "<group>";
		};
/* End PBXGroup section */

/* Begin PBXNativeTarget section */
		E26C418429777E3400049AE5 /* SafioIsland */ = {
			isa = PBXNativeTarget;
			buildConfigurationList = E26C41B429777E3400049AE5 /* Build configuration list for PBXNativeTarget "SafioIsland" */;
			buildPhases = (
				E26C418129777E3400049AE5 /* Sources */,
				E26C418229777E3400049AE5 /* Frameworks */,
				E26C418329777E3400049AE5 /* Resources */,
				E26C41DA29777F0500049AE5 /* Embed Foundation Extensions */,
			);
			buildRules = (
			);
			dependencies = (
				E26C41D529777F0500049AE5 /* PBXTargetDependency */,
			);
			name = SafioIsland;
			productName = SafioIsland;
			productReference = E26C418529777E3400049AE5 /* SafioIsland.app */;
			productType = "com.apple.product-type.application";
		};
		E26C419F29777E3400049AE5 /* SafioIslandTests */ = {
			isa = PBXNativeTarget;
			buildConfigurationList = E26C41B729777E3400049AE5 /* Build configuration list for PBXNativeTarget "SafioIslandTests" */;
			buildPhases = (
				E26C419C29777E3400049AE5 /* Sources */,
				E26C419D29777E3400049AE5 /* Frameworks */,
				E26C419E29777E3400049AE5 /* Resources */,
			);
			buildRules = (
			);
			dependencies = (
				E26C41A229777E3400049AE5 /* PBXTargetDependency */,
			);
			name = SafioIslandTests;
			productName = SafioIslandTests;
			productReference = E26C41A029777E3400049AE5 /* SafioIslandTests.xctest */;
			productType = "com.apple.product-type.bundle.unit-test";
		};
		E26C41A929777E3400049AE5 /* SafioIslandUITests */ = {
			isa = PBXNativeTarget;
			buildConfigurationList = E26C41BA29777E3400049AE5 /* Build configuration list for PBXNativeTarget "SafioIslandUITests" */;
			buildPhases = (
				E26C41A629777E3400049AE5 /* Sources */,
				E26C41A729777E3400049AE5 /* Frameworks */,
				E26C41A829777E3400049AE5 /* Resources */,
			);
			buildRules = (
			);
			dependencies = (
				E26C41AC29777E3400049AE5 /* PBXTargetDependency */,
			);
			name = SafioIslandUITests;
			productName = SafioIslandUITests;
			productReference = E26C41AA29777E3400049AE5 /* SafioIslandUITests.xctest */;
			productType = "com.apple.product-type.bundle.ui-testing";
		};
		E26C41C329777F0400049AE5 /* SwidgetExtension */ = {
			isa = PBXNativeTarget;
			buildConfigurationList = E26C41D729777F0500049AE5 /* Build configuration list for PBXNativeTarget "SwidgetExtension" */;
			buildPhases = (
				E26C41C029777F0400049AE5 /* Sources */,
				E26C41C129777F0400049AE5 /* Frameworks */,
				E26C41C229777F0400049AE5 /* Resources */,
			);
			buildRules = (
			);
			dependencies = (
			);
			name = SwidgetExtension;
			productName = SwidgetExtension;
			productReference = E26C41C429777F0400049AE5 /* SwidgetExtension.appex */;
			productType = "com.apple.product-type.app-extension";
		};
/* End PBXNativeTarget section */

/* Begin PBXProject section */
		E26C417D29777E3400049AE5 /* Project object */ = {
			isa = PBXProject;
			attributes = {
				BuildIndependentTargetsInParallel = 1;
				LastSwiftUpdateCheck = 1410;
				LastUpgradeCheck = 1410;
				TargetAttributes = {
					E26C418429777E3400049AE5 = {
						CreatedOnToolsVersion = 14.1;
						LastSwiftMigration = 1410;
					};
					E26C419F29777E3400049AE5 = {
						CreatedOnToolsVersion = 14.1;
						TestTargetID = E26C418429777E3400049AE5;
					};
					E26C41A929777E3400049AE5 = {
						CreatedOnToolsVersion = 14.1;
						TestTargetID = E26C418429777E3400049AE5;
					};
					E26C41C329777F0400049AE5 = {
						CreatedOnToolsVersion = 14.1;
					};
				};
			};
			buildConfigurationList = E26C418029777E3400049AE5 /* Build configuration list for PBXProject "SafioIsland" */;
			compatibilityVersion = "Xcode 14.0";
			developmentRegion = en;
			hasScannedForEncodings = 0;
			knownRegions = (
				en,
				Base,
			);
			mainGroup = E26C417C29777E3400049AE5;
			productRefGroup = E26C418629777E3400049AE5 /* Products */;
			projectDirPath = "";
			projectRoot = "";
			targets = (
				E26C418429777E3400049AE5 /* SafioIsland */,
				E26C419F29777E3400049AE5 /* SafioIslandTests */,
				E26C41A929777E3400049AE5 /* SafioIslandUITests */,
				E26C41C329777F0400049AE5 /* SwidgetExtension */,
			);
		};
/* End PBXProject section */

/* Begin PBXResourcesBuildPhase section */
		E26C418329777E3400049AE5 /* Resources */ = {
			isa = PBXResourcesBuildPhase;
			buildActionMask = 2147483647;
			files = (
				E26C419829777E3400049AE5 /* LaunchScreen.storyboard in Resources */,
				E26C419529777E3400049AE5 /* Assets.xcassets in Resources */,
				E26C419329777E3400049AE5 /* Main.storyboard in Resources */,
			);
			runOnlyForDeploymentPostprocessing = 0;
		};
		E26C419E29777E3400049AE5 /* Resources */ = {
			isa = PBXResourcesBuildPhase;
			buildActionMask = 2147483647;
			files = (
			);
			runOnlyForDeploymentPostprocessing = 0;
		};
		E26C41A829777E3400049AE5 /* Resources */ = {
			isa = PBXResourcesBuildPhase;
			buildActionMask = 2147483647;
			files = (
			);
			runOnlyForDeploymentPostprocessing = 0;
		};
		E26C41C229777F0400049AE5 /* Resources */ = {
			isa = PBXResourcesBuildPhase;
			buildActionMask = 2147483647;
			files = (
				E2CF341E2977F6CC002CAA3A /* Assets.xcassets in Resources */,
				E26C41D229777F0500049AE5 /* Assets.xcassets in Resources */,
			);
			runOnlyForDeploymentPostprocessing = 0;
		};
/* End PBXResourcesBuildPhase section */

/* Begin PBXSourcesBuildPhase section */
		E26C418129777E3400049AE5 /* Sources */ = {
			isa = PBXSourcesBuildPhase;
			buildActionMask = 2147483647;
			files = (
				E2CF33812977C7D7002CAA3A /* YGAttributes.swift in Sources */,
				E26C419029777E3400049AE5 /* ViewController.m in Sources */,
				E26C418A29777E3400049AE5 /* AppDelegate.m in Sources */,
				E26C419B29777E3400049AE5 /* main.m in Sources */,
				E26C418D29777E3400049AE5 /* SceneDelegate.m in Sources */,
			);
			runOnlyForDeploymentPostprocessing = 0;
		};
		E26C419C29777E3400049AE5 /* Sources */ = {
			isa = PBXSourcesBuildPhase;
			buildActionMask = 2147483647;
			files = (
				E26C41A529777E3400049AE5 /* SafioIslandTests.m in Sources */,
			);
			runOnlyForDeploymentPostprocessing = 0;
		};
		E26C41A629777E3400049AE5 /* Sources */ = {
			isa = PBXSourcesBuildPhase;
			buildActionMask = 2147483647;
			files = (
				E26C41B129777E3400049AE5 /* SafioIslandUITestsLaunchTests.m in Sources */,
				E26C41AF29777E3400049AE5 /* SafioIslandUITests.m in Sources */,
			);
			runOnlyForDeploymentPostprocessing = 0;
		};
		E26C41C029777F0400049AE5 /* Sources */ = {
			isa = PBXSourcesBuildPhase;
			buildActionMask = 2147483647;
			files = (
				E2CF341D2977DF53002CAA3A /* YGAttributes.swift in Sources */,
				E26C41CE29777F0400049AE5 /* SwidgetLiveActivity.swift in Sources */,
				E26C41CC29777F0400049AE5 /* SwidgetBundle.swift in Sources */,
				E26C41D029777F0400049AE5 /* Swidget.swift in Sources */,
			);
			runOnlyForDeploymentPostprocessing = 0;
		};
/* End PBXSourcesBuildPhase section */

/* Begin PBXTargetDependency section */
		E26C41A229777E3400049AE5 /* PBXTargetDependency */ = {
			isa = PBXTargetDependency;
			target = E26C418429777E3400049AE5 /* SafioIsland */;
			targetProxy = E26C41A129777E3400049AE5 /* PBXContainerItemProxy */;
		};
		E26C41AC29777E3400049AE5 /* PBXTargetDependency */ = {
			isa = PBXTargetDependency;
			target = E26C418429777E3400049AE5 /* SafioIsland */;
			targetProxy = E26C41AB29777E3400049AE5 /* PBXContainerItemProxy */;
		};
		E26C41D529777F0500049AE5 /* PBXTargetDependency */ = {
			isa = PBXTargetDependency;
			target = E26C41C329777F0400049AE5 /* SwidgetExtension */;
			targetProxy = E26C41D429777F0500049AE5 /* PBXContainerItemProxy */;
		};
/* End PBXTargetDependency section */

/* Begin PBXVariantGroup section */
		E26C419129777E3400049AE5 /* Main.storyboard */ = {
			isa = PBXVariantGroup;
			children = (
				E26C419229777E3400049AE5 /* Base */,
			);
			name = Main.storyboard;
			sourceTree = "<group>";
		};
		E26C419629777E3400049AE5 /* LaunchScreen.storyboard */ = {
			isa = PBXVariantGroup;
			children = (
				E26C419729777E3400049AE5 /* Base */,
			);
			name = LaunchScreen.storyboard;
			sourceTree = "<group>";
		};
/* End PBXVariantGroup section */

/* Begin XCBuildConfiguration section */
		E26C41B229777E3400049AE5 /* Debug */ = {
			isa = XCBuildConfiguration;
			buildSettings = {
				ALWAYS_SEARCH_USER_PATHS = NO;
				CLANG_ANALYZER_NONNULL = YES;
				CLANG_ANALYZER_NUMBER_OBJECT_CONVERSION = YES_AGGRESSIVE;
				CLANG_CXX_LANGUAGE_STANDARD = "gnu++20";
				CLANG_ENABLE_MODULES = YES;
				CLANG_ENABLE_OBJC_ARC = YES;
				CLANG_ENABLE_OBJC_WEAK = YES;
				CLANG_WARN_BLOCK_CAPTURE_AUTORELEASING = YES;
				CLANG_WARN_BOOL_CONVERSION = YES;
				CLANG_WARN_COMMA = YES;
				CLANG_WARN_CONSTANT_CONVERSION = YES;
				CLANG_WARN_DEPRECATED_OBJC_IMPLEMENTATIONS = YES;
				CLANG_WARN_DIRECT_OBJC_ISA_USAGE = YES_ERROR;
				CLANG_WARN_DOCUMENTATION_COMMENTS = YES;
				CLANG_WARN_EMPTY_BODY = YES;
				CLANG_WARN_ENUM_CONVERSION = YES;
				CLANG_WARN_INFINITE_RECURSION = YES;
				CLANG_WARN_INT_CONVERSION = YES;
				CLANG_WARN_NON_LITERAL_NULL_CONVERSION = YES;
				CLANG_WARN_OBJC_IMPLICIT_RETAIN_SELF = YES;
				CLANG_WARN_OBJC_LITERAL_CONVERSION = YES;
				CLANG_WARN_OBJC_ROOT_CLASS = YES_ERROR;
				CLANG_WARN_QUOTED_INCLUDE_IN_FRAMEWORK_HEADER = YES;
				CLANG_WARN_RANGE_LOOP_ANALYSIS = YES;
				CLANG_WARN_STRICT_PROTOTYPES = YES;
				CLANG_WARN_SUSPICIOUS_MOVE = YES;
				CLANG_WARN_UNGUARDED_AVAILABILITY = YES_AGGRESSIVE;
				CLANG_WARN_UNREACHABLE_CODE = YES;
				CLANG_WARN__DUPLICATE_METHOD_MATCH = YES;
				COPY_PHASE_STRIP = NO;
				DEBUG_INFORMATION_FORMAT = dwarf;
				ENABLE_STRICT_OBJC_MSGSEND = YES;
				ENABLE_TESTABILITY = YES;
				GCC_C_LANGUAGE_STANDARD = gnu11;
				GCC_DYNAMIC_NO_PIC = NO;
				GCC_NO_COMMON_BLOCKS = YES;
				GCC_OPTIMIZATION_LEVEL = 0;
				GCC_PREPROCESSOR_DEFINITIONS = (
					"DEBUG=1",
					"$(inherited)",
				);
				GCC_WARN_64_TO_32_BIT_CONVERSION = YES;
				GCC_WARN_ABOUT_RETURN_TYPE = YES_ERROR;
				GCC_WARN_UNDECLARED_SELECTOR = YES;
				GCC_WARN_UNINITIALIZED_AUTOS = YES_AGGRESSIVE;
				GCC_WARN_UNUSED_FUNCTION = YES;
				GCC_WARN_UNUSED_VARIABLE = YES;
				IPHONEOS_DEPLOYMENT_TARGET = 16.1;
				MTL_ENABLE_DEBUG_INFO = INCLUDE_SOURCE;
				MTL_FAST_MATH = YES;
				ONLY_ACTIVE_ARCH = YES;
				SDKROOT = iphoneos;
			};
			name = Debug;
		};
		E26C41B329777E3400049AE5 /* Release */ = {
			isa = XCBuildConfiguration;
			buildSettings = {
				ALWAYS_SEARCH_USER_PATHS = NO;
				CLANG_ANALYZER_NONNULL = YES;
				CLANG_ANALYZER_NUMBER_OBJECT_CONVERSION = YES_AGGRESSIVE;
				CLANG_CXX_LANGUAGE_STANDARD = "gnu++20";
				CLANG_ENABLE_MODULES = YES;
				CLANG_ENABLE_OBJC_ARC = YES;
				CLANG_ENABLE_OBJC_WEAK = YES;
				CLANG_WARN_BLOCK_CAPTURE_AUTORELEASING = YES;
				CLANG_WARN_BOOL_CONVERSION = YES;
				CLANG_WARN_COMMA = YES;
				CLANG_WARN_CONSTANT_CONVERSION = YES;
				CLANG_WARN_DEPRECATED_OBJC_IMPLEMENTATIONS = YES;
				CLANG_WARN_DIRECT_OBJC_ISA_USAGE = YES_ERROR;
				CLANG_WARN_DOCUMENTATION_COMMENTS = YES;
				CLANG_WARN_EMPTY_BODY = YES;
				CLANG_WARN_ENUM_CONVERSION = YES;
				CLANG_WARN_INFINITE_RECURSION = YES;
				CLANG_WARN_INT_CONVERSION = YES;
				CLANG_WARN_NON_LITERAL_NULL_CONVERSION = YES;
				CLANG_WARN_OBJC_IMPLICIT_RETAIN_SELF = YES;
				CLANG_WARN_OBJC_LITERAL_CONVERSION = YES;
				CLANG_WARN_OBJC_ROOT_CLASS = YES_ERROR;
				CLANG_WARN_QUOTED_INCLUDE_IN_FRAMEWORK_HEADER = YES;
				CLANG_WARN_RANGE_LOOP_ANALYSIS = YES;
				CLANG_WARN_STRICT_PROTOTYPES = YES;
				CLANG_WARN_SUSPICIOUS_MOVE = YES;
				CLANG_WARN_UNGUARDED_AVAILABILITY = YES_AGGRESSIVE;
				CLANG_WARN_UNREACHABLE_CODE = YES;
				CLANG_WARN__DUPLICATE_METHOD_MATCH = YES;
				COPY_PHASE_STRIP = NO;
				DEBUG_INFORMATION_FORMAT = "dwarf-with-dsym";
				ENABLE_NS_ASSERTIONS = NO;
				ENABLE_STRICT_OBJC_MSGSEND = YES;
				GCC_C_LANGUAGE_STANDARD = gnu11;
				GCC_NO_COMMON_BLOCKS = YES;
				GCC_WARN_64_TO_32_BIT_CONVERSION = YES;
				GCC_WARN_ABOUT_RETURN_TYPE = YES_ERROR;
				GCC_WARN_UNDECLARED_SELECTOR = YES;
				GCC_WARN_UNINITIALIZED_AUTOS = YES_AGGRESSIVE;
				GCC_WARN_UNUSED_FUNCTION = YES;
				GCC_WARN_UNUSED_VARIABLE = YES;
				IPHONEOS_DEPLOYMENT_TARGET = 16.1;
				MTL_ENABLE_DEBUG_INFO = NO;
				MTL_FAST_MATH = YES;
				SDKROOT = iphoneos;
				VALIDATE_PRODUCT = YES;
			};
			name = Release;
		};
		E26C41B529777E3400049AE5 /* Debug */ = {
			isa = XCBuildConfiguration;
			buildSettings = {
				ALWAYS_EMBED_SWIFT_STANDARD_LIBRARIES = YES;
				ASSETCATALOG_COMPILER_APPICON_NAME = AppIcon;
				ASSETCATALOG_COMPILER_GLOBAL_ACCENT_COLOR_NAME = AccentColor;
				CLANG_ENABLE_MODULES = YES;
				CODE_SIGN_STYLE = Automatic;
				CURRENT_PROJECT_VERSION = 1;
				DEVELOPMENT_TEAM = "";
				GENERATE_INFOPLIST_FILE = YES;
				INFOPLIST_FILE = SafioIsland/Info.plist;
				INFOPLIST_KEY_UIApplicationSupportsIndirectInputEvents = YES;
				INFOPLIST_KEY_UILaunchStoryboardName = LaunchScreen;
				INFOPLIST_KEY_UIMainStoryboardFile = Main;
				INFOPLIST_KEY_UISupportedInterfaceOrientations_iPad = "UIInterfaceOrientationPortrait UIInterfaceOrientationPortraitUpsideDown UIInterfaceOrientationLandscapeLeft UIInterfaceOrientationLandscapeRight";
				INFOPLIST_KEY_UISupportedInterfaceOrientations_iPhone = "UIInterfaceOrientationPortrait UIInterfaceOrientationLandscapeLeft UIInterfaceOrientationLandscapeRight";
				LD_RUNPATH_SEARCH_PATHS = (
					"$(inherited)",
					"@executable_path/Frameworks",
				);
				MARKETING_VERSION = 1.0;
				PRODUCT_BUNDLE_IDENTIFIER = "com.-CaculationApp.Safio.SafioIsland";
				PRODUCT_NAME = "$(TARGET_NAME)";
				SWIFT_EMIT_LOC_STRINGS = YES;
				SWIFT_OBJC_BRIDGING_HEADER = "SafioIsland/SafioIsland-Bridging-Header.h";
				SWIFT_OPTIMIZATION_LEVEL = "-Onone";
				SWIFT_VERSION = 5.0;
				TARGETED_DEVICE_FAMILY = "1,2";
			};
			name = Debug;
		};
		E26C41B629777E3400049AE5 /* Release */ = {
			isa = XCBuildConfiguration;
			buildSettings = {
				ALWAYS_EMBED_SWIFT_STANDARD_LIBRARIES = YES;
				ASSETCATALOG_COMPILER_APPICON_NAME = AppIcon;
				ASSETCATALOG_COMPILER_GLOBAL_ACCENT_COLOR_NAME = AccentColor;
				CLANG_ENABLE_MODULES = YES;
				CODE_SIGN_STYLE = Automatic;
				CURRENT_PROJECT_VERSION = 1;
				DEVELOPMENT_TEAM = "";
				GENERATE_INFOPLIST_FILE = YES;
				INFOPLIST_FILE = SafioIsland/Info.plist;
				INFOPLIST_KEY_UIApplicationSupportsIndirectInputEvents = YES;
				INFOPLIST_KEY_UILaunchStoryboardName = LaunchScreen;
				INFOPLIST_KEY_UIMainStoryboardFile = Main;
				INFOPLIST_KEY_UISupportedInterfaceOrientations_iPad = "UIInterfaceOrientationPortrait UIInterfaceOrientationPortraitUpsideDown UIInterfaceOrientationLandscapeLeft UIInterfaceOrientationLandscapeRight";
				INFOPLIST_KEY_UISupportedInterfaceOrientations_iPhone = "UIInterfaceOrientationPortrait UIInterfaceOrientationLandscapeLeft UIInterfaceOrientationLandscapeRight";
				LD_RUNPATH_SEARCH_PATHS = (
					"$(inherited)",
					"@executable_path/Frameworks",
				);
				MARKETING_VERSION = 1.0;
				PRODUCT_BUNDLE_IDENTIFIER = "com.-CaculationApp.Safio.SafioIsland";
				PRODUCT_NAME = "$(TARGET_NAME)";
				SWIFT_EMIT_LOC_STRINGS = YES;
				SWIFT_OBJC_BRIDGING_HEADER = "SafioIsland/SafioIsland-Bridging-Header.h";
				SWIFT_VERSION = 5.0;
				TARGETED_DEVICE_FAMILY = "1,2";
			};
			name = Release;
		};
		E26C41B829777E3400049AE5 /* Debug */ = {
			isa = XCBuildConfiguration;
			buildSettings = {
				ALWAYS_EMBED_SWIFT_STANDARD_LIBRARIES = YES;
				BUNDLE_LOADER = "$(TEST_HOST)";
				CODE_SIGN_STYLE = Automatic;
				CURRENT_PROJECT_VERSION = 1;
				DEVELOPMENT_TEAM = KN53KWRMZ5;
				GENERATE_INFOPLIST_FILE = YES;
				IPHONEOS_DEPLOYMENT_TARGET = 16.1;
				MARKETING_VERSION = 1.0;
				PRODUCT_BUNDLE_IDENTIFIER = "com.-CaculationApp.Safio.SafioIslandTests";
				PRODUCT_NAME = "$(TARGET_NAME)";
				SWIFT_EMIT_LOC_STRINGS = NO;
				TARGETED_DEVICE_FAMILY = "1,2";
				TEST_HOST = "$(BUILT_PRODUCTS_DIR)/SafioIsland.app/$(BUNDLE_EXECUTABLE_FOLDER_PATH)/SafioIsland";
			};
			name = Debug;
		};
		E26C41B929777E3400049AE5 /* Release */ = {
			isa = XCBuildConfiguration;
			buildSettings = {
				ALWAYS_EMBED_SWIFT_STANDARD_LIBRARIES = YES;
				BUNDLE_LOADER = "$(TEST_HOST)";
				CODE_SIGN_STYLE = Automatic;
				CURRENT_PROJECT_VERSION = 1;
				DEVELOPMENT_TEAM = KN53KWRMZ5;
				GENERATE_INFOPLIST_FILE = YES;
				IPHONEOS_DEPLOYMENT_TARGET = 16.1;
				MARKETING_VERSION = 1.0;
				PRODUCT_BUNDLE_IDENTIFIER = "com.-CaculationApp.Safio.SafioIslandTests";
				PRODUCT_NAME = "$(TARGET_NAME)";
				SWIFT_EMIT_LOC_STRINGS = NO;
				TARGETED_DEVICE_FAMILY = "1,2";
				TEST_HOST = "$(BUILT_PRODUCTS_DIR)/SafioIsland.app/$(BUNDLE_EXECUTABLE_FOLDER_PATH)/SafioIsland";
			};
			name = Release;
		};
		E26C41BB29777E3400049AE5 /* Debug */ = {
			isa = XCBuildConfiguration;
			buildSettings = {
				ALWAYS_EMBED_SWIFT_STANDARD_LIBRARIES = YES;
				CODE_SIGN_STYLE = Automatic;
				CURRENT_PROJECT_VERSION = 1;
				DEVELOPMENT_TEAM = KN53KWRMZ5;
				GENERATE_INFOPLIST_FILE = YES;
				MARKETING_VERSION = 1.0;
				PRODUCT_BUNDLE_IDENTIFIER = "com.-CaculationApp.Safio.SafioIslandUITests";
				PRODUCT_NAME = "$(TARGET_NAME)";
				SWIFT_EMIT_LOC_STRINGS = NO;
				TARGETED_DEVICE_FAMILY = "1,2";
				TEST_TARGET_NAME = SafioIsland;
			};
			name = Debug;
		};
		E26C41BC29777E3400049AE5 /* Release */ = {
			isa = XCBuildConfiguration;
			buildSettings = {
				ALWAYS_EMBED_SWIFT_STANDARD_LIBRARIES = YES;
				CODE_SIGN_STYLE = Automatic;
				CURRENT_PROJECT_VERSION = 1;
				DEVELOPMENT_TEAM = KN53KWRMZ5;
				GENERATE_INFOPLIST_FILE = YES;
				MARKETING_VERSION = 1.0;
				PRODUCT_BUNDLE_IDENTIFIER = "com.-CaculationApp.Safio.SafioIslandUITests";
				PRODUCT_NAME = "$(TARGET_NAME)";
				SWIFT_EMIT_LOC_STRINGS = NO;
				TARGETED_DEVICE_FAMILY = "1,2";
				TEST_TARGET_NAME = SafioIsland;
			};
			name = Release;
		};
		E26C41D829777F0500049AE5 /* Debug */ = {
			isa = XCBuildConfiguration;
			buildSettings = {
				ASSETCATALOG_COMPILER_GLOBAL_ACCENT_COLOR_NAME = AccentColor;
				ASSETCATALOG_COMPILER_WIDGET_BACKGROUND_COLOR_NAME = WidgetBackground;
				CODE_SIGN_STYLE = Automatic;
				CURRENT_PROJECT_VERSION = 1;
				DEVELOPMENT_TEAM = KN53KWRMZ5;
				GENERATE_INFOPLIST_FILE = YES;
				INFOPLIST_FILE = Swidget/Info.plist;
				INFOPLIST_KEY_CFBundleDisplayName = Swidget;
				INFOPLIST_KEY_NSHumanReadableCopyright = "";
				LD_RUNPATH_SEARCH_PATHS = (
					"$(inherited)",
					"@executable_path/Frameworks",
					"@executable_path/../../Frameworks",
				);
				MARKETING_VERSION = 1.0;
				PRODUCT_BUNDLE_IDENTIFIER = "com.-CaculationApp.Safio.SafioIsland.Swidget";
				PRODUCT_NAME = "$(TARGET_NAME)";
				SKIP_INSTALL = YES;
				SWIFT_ACTIVE_COMPILATION_CONDITIONS = DEBUG;
				SWIFT_EMIT_LOC_STRINGS = YES;
				SWIFT_OPTIMIZATION_LEVEL = "-Onone";
				SWIFT_VERSION = 5.0;
				TARGETED_DEVICE_FAMILY = "1,2";
			};
			name = Debug;
		};
		E26C41D929777F0500049AE5 /* Release */ = {
			isa = XCBuildConfiguration;
			buildSettings = {
				ASSETCATALOG_COMPILER_GLOBAL_ACCENT_COLOR_NAME = AccentColor;
				ASSETCATALOG_COMPILER_WIDGET_BACKGROUND_COLOR_NAME = WidgetBackground;
				CODE_SIGN_STYLE = Automatic;
				CURRENT_PROJECT_VERSION = 1;
				DEVELOPMENT_TEAM = KN53KWRMZ5;
				GENERATE_INFOPLIST_FILE = YES;
				INFOPLIST_FILE = Swidget/Info.plist;
				INFOPLIST_KEY_CFBundleDisplayName = Swidget;
				INFOPLIST_KEY_NSHumanReadableCopyright = "";
				LD_RUNPATH_SEARCH_PATHS = (
					"$(inherited)",
					"@executable_path/Frameworks",
					"@executable_path/../../Frameworks",
				);
				MARKETING_VERSION = 1.0;
				PRODUCT_BUNDLE_IDENTIFIER = "com.-CaculationApp.Safio.SafioIsland.Swidget";
				PRODUCT_NAME = "$(TARGET_NAME)";
				SKIP_INSTALL = YES;
				SWIFT_COMPILATION_MODE = wholemodule;
				SWIFT_EMIT_LOC_STRINGS = YES;
				SWIFT_OPTIMIZATION_LEVEL = "-O";
				SWIFT_VERSION = 5.0;
				TARGETED_DEVICE_FAMILY = "1,2";
			};
			name = Release;
		};
/* End XCBuildConfiguration section */

/* Begin XCConfigurationList section */
		E26C418029777E3400049AE5 /* Build configuration list for PBXProject "SafioIsland" */ = {
			isa = XCConfigurationList;
			buildConfigurations = (
				E26C41B229777E3400049AE5 /* Debug */,
				E26C41B329777E3400049AE5 /* Release */,
			);
			defaultConfigurationIsVisible = 0;
			defaultConfigurationName = Release;
		};
		E26C41B429777E3400049AE5 /* Build configuration list for PBXNativeTarget "SafioIsland" */ = {
			isa = XCConfigurationList;
			buildConfigurations = (
				E26C41B529777E3400049AE5 /* Debug */,
				E26C41B629777E3400049AE5 /* Release */,
			);
			defaultConfigurationIsVisible = 0;
			defaultConfigurationName = Release;
		};
		E26C41B729777E3400049AE5 /* Build configuration list for PBXNativeTarget "SafioIslandTests" */ = {
			isa = XCConfigurationList;
			buildConfigurations = (
				E26C41B829777E3400049AE5 /* Debug */,
				E26C41B929777E3400049AE5 /* Release */,
			);
			defaultConfigurationIsVisible = 0;
			defaultConfigurationName = Release;
		};
		E26C41BA29777E3400049AE5 /* Build configuration list for PBXNativeTarget "SafioIslandUITests" */ = {
			isa = XCConfigurationList;
			buildConfigurations = (
				E26C41BB29777E3400049AE5 /* Debug */,
				E26C41BC29777E3400049AE5 /* Release */,
			);
			defaultConfigurationIsVisible = 0;
			defaultConfigurationName = Release;
		};
		E26C41D729777F0500049AE5 /* Build configuration list for PBXNativeTarget "SwidgetExtension" */ = {
			isa = XCConfigurationList;
			buildConfigurations = (
				E26C41D829777F0500049AE5 /* Debug */,
				E26C41D929777F0500049AE5 /* Release */,
			);
			defaultConfigurationIsVisible = 0;
			defaultConfigurationName = Release;
		};
/* End XCConfigurationList section */
	};
	rootObject = E26C417D29777E3400049AE5 /* Project object */;
}
